
Microsoft Visual Studio Solution File, Format Version 12.00
# Visual Studio Version 17
VisualStudioVersion = 17.10.35013.160
MinimumVisualStudioVersion = 10.0.40219.1
Project("{2150E333-8FDC-42A3-9474-1A3956D46DE8}") = "Project.Base", "Project.Base", "{5731F979-84C6-4DA2-AFF9-902981324C47}"
EndProject
Project("{9A19103F-16F7-4668-BE54-9A1E7A4F7556}") = "Project.Base.IService", "Project.Base\Project.Base.IService\Project.Base.IService.csproj", "{95E64371-F627-498B-95A0-01804E139802}"
EndProject
Project("{9A19103F-16F7-4668-BE54-9A1E7A4F7556}") = "Project.Base.Service", "Project.Base\Project.Base.Service\Project.Base.Service.csproj", "{4E47B22F-81B2-4A7A-B815-9D3902769694}"
EndProject
Project("{9A19103F-16F7-4668-BE54-9A1E7A4F7556}") = "Project.Base.Reflect", "Project.Base\Project.Base.Reflect\Project.Base.Reflect.csproj", "{D6EDFEF7-CCF1-4CEE-B2C6-3B64891E0463}"
EndProject
Project("{9A19103F-16F7-4668-BE54-9A1E7A4F7556}") = "Project.Base.ProjAttribute", "Project.Base\Project.Base.ProjAttribute\Project.Base.ProjAttribute.csproj", "{2006A033-C791-4921-828B-DECB3AD1AEE0}"
EndProject
Project("{9A19103F-16F7-4668-BE54-9A1E7A4F7556}") = "Project.Base.Common", "Project.Base\Project.Base.Common\Project.Base.Common.csproj", "{3932DEBF-F2AC-424D-B3D2-7E7EAD3960CA}"
EndProject
Project("{9A19103F-16F7-4668-BE54-9A1E7A4F7556}") = "Project.Base.IRepository", "Project.Base\Project.Base.IRepository\Project.Base.IRepository.csproj", "{C7BB0BDB-AB49-45D5-9195-D576BCE0D431}"
EndProject
Project("{9A19103F-16F7-4668-BE54-9A1E7A4F7556}") = "Project.Base.Repository", "Project.Base\Project.Base.Repository\Project.Base.Repository.csproj", "{6BDDF045-EB10-4E94-8DDD-FADB125A3809}"
EndProject
Project("{9A19103F-16F7-4668-BE54-9A1E7A4F7556}") = "Project.Base.ProjExtension", "Project.Base\Project.Base.ProjExtension\Project.Base.ProjExtension.csproj", "{AC35C28F-6040-498B-91B3-7FBEB76A278B}"
EndProject
Project("{2150E333-8FDC-42A3-9474-1A3956D46DE8}") = "Business", "Business", "{EE17E81D-8F00-44E9-BD05-18EAD92D8BB5}"
EndProject
Project("{2150E333-8FDC-42A3-9474-1A3956D46DE8}") = "ADM", "ADM", "{775FD595-F671-4DB6-91C0-C374256C08C6}"
EndProject
Project("{2150E333-8FDC-42A3-9474-1A3956D46DE8}") = "Host", "Host", "{B1E0D46E-E03F-4E52-89C6-39F0E3B6C681}"
EndProject
Project("{9A19103F-16F7-4668-BE54-9A1E7A4F7556}") = "Project.Host", "Host\Project.Host\Project.Host.csproj", "{5CBC73C8-4403-46D9-B1D8-ED5E1A4B5736}"
EndProject
Project("{9A19103F-16F7-4668-BE54-9A1E7A4F7556}") = "Project.Base.Model", "Project.Base\Project.Base.Model\Project.Base.Model.csproj", "{59560E36-01B7-48DA-A296-D755B7C358D7}"
EndProject
Project("{9A19103F-16F7-4668-BE54-9A1E7A4F7556}") = "Project.Base.ProjController", "Project.Base\Project.Base.ProjController\Project.Base.ProjController.csproj", "{55D499CC-E5C5-4FE6-BF05-B685C77F13A7}"
EndProject
Project("{2150E333-8FDC-42A3-9474-1A3956D46DE8}") = "ADM001_User", "ADM001_User", "{5898BEA3-1AE0-45FE-A7D1-160D12E83B3E}"
EndProject
Project("{9A19103F-16F7-4668-BE54-9A1E7A4F7556}") = "ADM001_User.Business", "Business\ADM\ADM001_User\ADM001_User.Business\ADM001_User.Business.csproj", "{8A3BBD37-1600-4432-BC6F-A9F367A14150}"
EndProject
Project("{9A19103F-16F7-4668-BE54-9A1E7A4F7556}") = "ADM001_User.Model", "Business\ADM\ADM001_User\ADM001_User.Model\ADM001_User.Model.csproj", "{4028C7D0-6512-4770-AD77-B0B2ADCE7E10}"
EndProject
Project("{9A19103F-16F7-4668-BE54-9A1E7A4F7556}") = "ADM001_User.Api", "Business\ADM\ADM001_User\ADM001_User.Api\ADM001_User.Api.csproj", "{27028A83-14E9-4F7C-9755-05DC52DE2535}"
EndProject
Project("{FAE04EC0-301F-11D3-BF4B-00C04F79EFBC}") = "Project.Base.Module", "Project.Base\Project.Base.Module\Project.Base.Module.csproj", "{DE1F8073-200A-486E-84B2-440CA5B397A3}"
EndProject
Project("{FAE04EC0-301F-11D3-BF4B-00C04F79EFBC}") = "Project.Base.DependencyInjection", "Project.Base\Project.Base.DependencyInjection\Project.Base.DependencyInjection.csproj", "{A3EFC3D6-6E41-481D-9C39-431410EB864F}"
EndProject
Global
	GlobalSection(SolutionConfigurationPlatforms) = preSolution
		Debug|Any CPU = Debug|Any CPU
		Release|Any CPU = Release|Any CPU
	EndGlobalSection
	GlobalSection(ProjectConfigurationPlatforms) = postSolution
		{95E64371-F627-498B-95A0-01804E139802}.Debug|Any CPU.ActiveCfg = Debug|Any CPU
		{95E64371-F627-498B-95A0-01804E139802}.Debug|Any CPU.Build.0 = Debug|Any CPU
		{95E64371-F627-498B-95A0-01804E139802}.Release|Any CPU.ActiveCfg = Release|Any CPU
		{95E64371-F627-498B-95A0-01804E139802}.Release|Any CPU.Build.0 = Release|Any CPU
		{4E47B22F-81B2-4A7A-B815-9D3902769694}.Debug|Any CPU.ActiveCfg = Debug|Any CPU
		{4E47B22F-81B2-4A7A-B815-9D3902769694}.Debug|Any CPU.Build.0 = Debug|Any CPU
		{4E47B22F-81B2-4A7A-B815-9D3902769694}.Release|Any CPU.ActiveCfg = Release|Any CPU
		{4E47B22F-81B2-4A7A-B815-9D3902769694}.Release|Any CPU.Build.0 = Release|Any CPU
		{D6EDFEF7-CCF1-4CEE-B2C6-3B64891E0463}.Debug|Any CPU.ActiveCfg = Debug|Any CPU
		{D6EDFEF7-CCF1-4CEE-B2C6-3B64891E0463}.Debug|Any CPU.Build.0 = Debug|Any CPU
		{D6EDFEF7-CCF1-4CEE-B2C6-3B64891E0463}.Release|Any CPU.ActiveCfg = Release|Any CPU
		{D6EDFEF7-CCF1-4CEE-B2C6-3B64891E0463}.Release|Any CPU.Build.0 = Release|Any CPU
		{2006A033-C791-4921-828B-DECB3AD1AEE0}.Debug|Any CPU.ActiveCfg = Debug|Any CPU
		{2006A033-C791-4921-828B-DECB3AD1AEE0}.Debug|Any CPU.Build.0 = Debug|Any CPU
		{2006A033-C791-4921-828B-DECB3AD1AEE0}.Release|Any CPU.ActiveCfg = Release|Any CPU
		{2006A033-C791-4921-828B-DECB3AD1AEE0}.Release|Any CPU.Build.0 = Release|Any CPU
		{3932DEBF-F2AC-424D-B3D2-7E7EAD3960CA}.Debug|Any CPU.ActiveCfg = Debug|Any CPU
		{3932DEBF-F2AC-424D-B3D2-7E7EAD3960CA}.Debug|Any CPU.Build.0 = Debug|Any CPU
		{3932DEBF-F2AC-424D-B3D2-7E7EAD3960CA}.Release|Any CPU.ActiveCfg = Release|Any CPU
		{3932DEBF-F2AC-424D-B3D2-7E7EAD3960CA}.Release|Any CPU.Build.0 = Release|Any CPU
		{C7BB0BDB-AB49-45D5-9195-D576BCE0D431}.Debug|Any CPU.ActiveCfg = Debug|Any CPU
		{C7BB0BDB-AB49-45D5-9195-D576BCE0D431}.Debug|Any CPU.Build.0 = Debug|Any CPU
		{C7BB0BDB-AB49-45D5-9195-D576BCE0D431}.Release|Any CPU.ActiveCfg = Release|Any CPU
		{C7BB0BDB-AB49-45D5-9195-D576BCE0D431}.Release|Any CPU.Build.0 = Release|Any CPU
		{6BDDF045-EB10-4E94-8DDD-FADB125A3809}.Debug|Any CPU.ActiveCfg = Debug|Any CPU
		{6BDDF045-EB10-4E94-8DDD-FADB125A3809}.Debug|Any CPU.Build.0 = Debug|Any CPU
		{6BDDF045-EB10-4E94-8DDD-FADB125A3809}.Release|Any CPU.ActiveCfg = Release|Any CPU
		{6BDDF045-EB10-4E94-8DDD-FADB125A3809}.Release|Any CPU.Build.0 = Release|Any CPU
		{AC35C28F-6040-498B-91B3-7FBEB76A278B}.Debug|Any CPU.ActiveCfg = Debug|Any CPU
		{AC35C28F-6040-498B-91B3-7FBEB76A278B}.Debug|Any CPU.Build.0 = Debug|Any CPU
		{AC35C28F-6040-498B-91B3-7FBEB76A278B}.Release|Any CPU.ActiveCfg = Release|Any CPU
		{AC35C28F-6040-498B-91B3-7FBEB76A278B}.Release|Any CPU.Build.0 = Release|Any CPU
		{5CBC73C8-4403-46D9-B1D8-ED5E1A4B5736}.Debug|Any CPU.ActiveCfg = Debug|Any CPU
		{5CBC73C8-4403-46D9-B1D8-ED5E1A4B5736}.Debug|Any CPU.Build.0 = Debug|Any CPU
		{5CBC73C8-4403-46D9-B1D8-ED5E1A4B5736}.Release|Any CPU.ActiveCfg = Release|Any CPU
		{5CBC73C8-4403-46D9-B1D8-ED5E1A4B5736}.Release|Any CPU.Build.0 = Release|Any CPU
		{59560E36-01B7-48DA-A296-D755B7C358D7}.Debug|Any CPU.ActiveCfg = Debug|Any CPU
		{59560E36-01B7-48DA-A296-D755B7C358D7}.Debug|Any CPU.Build.0 = Debug|Any CPU
		{59560E36-01B7-48DA-A296-D755B7C358D7}.Release|Any CPU.ActiveCfg = Release|Any CPU
		{59560E36-01B7-48DA-A296-D755B7C358D7}.Release|Any CPU.Build.0 = Release|Any CPU
		{55D499CC-E5C5-4FE6-BF05-B685C77F13A7}.Debug|Any CPU.ActiveCfg = Debug|Any CPU
		{55D499CC-E5C5-4FE6-BF05-B685C77F13A7}.Debug|Any CPU.Build.0 = Debug|Any CPU
		{55D499CC-E5C5-4FE6-BF05-B685C77F13A7}.Release|Any CPU.ActiveCfg = Release|Any CPU
		{55D499CC-E5C5-4FE6-BF05-B685C77F13A7}.Release|Any CPU.Build.0 = Release|Any CPU
		{8A3BBD37-1600-4432-BC6F-A9F367A14150}.Debug|Any CPU.ActiveCfg = Debug|Any CPU
		{8A3BBD37-1600-4432-BC6F-A9F367A14150}.Debug|Any CPU.Build.0 = Debug|Any CPU
		{8A3BBD37-1600-4432-BC6F-A9F367A14150}.Release|Any CPU.ActiveCfg = Release|Any CPU
		{8A3BBD37-1600-4432-BC6F-A9F367A14150}.Release|Any CPU.Build.0 = Release|Any CPU
		{4028C7D0-6512-4770-AD77-B0B2ADCE7E10}.Debug|Any CPU.ActiveCfg = Debug|Any CPU
		{4028C7D0-6512-4770-AD77-B0B2ADCE7E10}.Debug|Any CPU.Build.0 = Debug|Any CPU
		{4028C7D0-6512-4770-AD77-B0B2ADCE7E10}.Release|Any CPU.ActiveCfg = Release|Any CPU
		{4028C7D0-6512-4770-AD77-B0B2ADCE7E10}.Release|Any CPU.Build.0 = Release|Any CPU
		{27028A83-14E9-4F7C-9755-05DC52DE2535}.Debug|Any CPU.ActiveCfg = Debug|Any CPU
		{27028A83-14E9-4F7C-9755-05DC52DE2535}.Debug|Any CPU.Build.0 = Debug|Any CPU
		{27028A83-14E9-4F7C-9755-05DC52DE2535}.Release|Any CPU.ActiveCfg = Release|Any CPU
		{27028A83-14E9-4F7C-9755-05DC52DE2535}.Release|Any CPU.Build.0 = Release|Any CPU
		{DE1F8073-200A-486E-84B2-440CA5B397A3}.Debug|Any CPU.ActiveCfg = Debug|Any CPU
		{DE1F8073-200A-486E-84B2-440CA5B397A3}.Debug|Any CPU.Build.0 = Debug|Any CPU
		{DE1F8073-200A-486E-84B2-440CA5B397A3}.Release|Any CPU.ActiveCfg = Release|Any CPU
		{DE1F8073-200A-486E-84B2-440CA5B397A3}.Release|Any CPU.Build.0 = Release|Any CPU
		{A3EFC3D6-6E41-481D-9C39-431410EB864F}.Debug|Any CPU.ActiveCfg = Debug|Any CPU
		{A3EFC3D6-6E41-481D-9C39-431410EB864F}.Debug|Any CPU.Build.0 = Debug|Any CPU
		{A3EFC3D6-6E41-481D-9C39-431410EB864F}.Release|Any CPU.ActiveCfg = Release|Any CPU
		{A3EFC3D6-6E41-481D-9C39-431410EB864F}.Release|Any CPU.Build.0 = Release|Any CPU
	EndGlobalSection
	GlobalSection(SolutionProperties) = preSolution
		HideSolutionNode = FALSE
	EndGlobalSection
	GlobalSection(NestedProjects) = preSolution
		{95E64371-F627-498B-95A0-01804E139802} = {5731F979-84C6-4DA2-AFF9-902981324C47}
		{4E47B22F-81B2-4A7A-B815-9D3902769694} = {5731F979-84C6-4DA2-AFF9-902981324C47}
		{D6EDFEF7-CCF1-4CEE-B2C6-3B64891E0463} = {5731F979-84C6-4DA2-AFF9-902981324C47}
		{2006A033-C791-4921-828B-DECB3AD1AEE0} = {5731F979-84C6-4DA2-AFF9-902981324C47}
		{3932DEBF-F2AC-424D-B3D2-7E7EAD3960CA} = {5731F979-84C6-4DA2-AFF9-902981324C47}
		{C7BB0BDB-AB49-45D5-9195-D576BCE0D431} = {5731F979-84C6-4DA2-AFF9-902981324C47}
		{6BDDF045-EB10-4E94-8DDD-FADB125A3809} = {5731F979-84C6-4DA2-AFF9-902981324C47}
		{AC35C28F-6040-498B-91B3-7FBEB76A278B} = {5731F979-84C6-4DA2-AFF9-902981324C47}
		{775FD595-F671-4DB6-91C0-C374256C08C6} = {EE17E81D-8F00-44E9-BD05-18EAD92D8BB5}
		{5CBC73C8-4403-46D9-B1D8-ED5E1A4B5736} = {B1E0D46E-E03F-4E52-89C6-39F0E3B6C681}
		{59560E36-01B7-48DA-A296-D755B7C358D7} = {5731F979-84C6-4DA2-AFF9-902981324C47}
		{55D499CC-E5C5-4FE6-BF05-B685C77F13A7} = {5731F979-84C6-4DA2-AFF9-902981324C47}
		{5898BEA3-1AE0-45FE-A7D1-160D12E83B3E} = {775FD595-F671-4DB6-91C0-C374256C08C6}
		{8A3BBD37-1600-4432-BC6F-A9F367A14150} = {5898BEA3-1AE0-45FE-A7D1-160D12E83B3E}
		{4028C7D0-6512-4770-AD77-B0B2ADCE7E10} = {5898BEA3-1AE0-45FE-A7D1-160D12E83B3E}
		{27028A83-14E9-4F7C-9755-05DC52DE2535} = {5898BEA3-1AE0-45FE-A7D1-160D12E83B3E}
		{DE1F8073-200A-486E-84B2-440CA5B397A3} = {5731F979-84C6-4DA2-AFF9-902981324C47}
		{A3EFC3D6-6E41-481D-9C39-431410EB864F} = {5731F979-84C6-4DA2-AFF9-902981324C47}
	EndGlobalSection
	GlobalSection(ExtensibilityGlobals) = postSolution
		SolutionGuid = {FCBC180A-3055-4067-A468-4ABE31772F6E}
	EndGlobalSection
EndGlobal
